
Microsoft Visual Studio Solution File, Format Version 12.00
# Visual Studio Version 16
VisualStudioVersion = 16.0.29519.87
MinimumVisualStudioVersion = 10.0.40219.1
Project("{9A19103F-16F7-4668-BE54-9A1E7A4F7556}") = "Day0_CSharp8Explore", "Day0_CSharp8Explore\Day0_CSharp8Explore.csproj", "{585098CC-2533-4586-B7C9-5E3A1A4A6C4F}"
EndProject
Project("{9A19103F-16F7-4668-BE54-9A1E7A4F7556}") = "SantasToolbox", "SantasToolbox\SantasToolbox.csproj", "{77D567A4-B468-4252-B07C-E648F040CEA2}"
EndProject
Project("{9A19103F-16F7-4668-BE54-9A1E7A4F7556}") = "1_Fuel", "1_Fuel\1_Fuel.csproj", "{0ED94A21-7200-4600-AFBB-3BA4CBD33E7B}"
EndProject
Project("{9A19103F-16F7-4668-BE54-9A1E7A4F7556}") = "2_Intcode", "2_Intcode\2_Intcode.csproj", "{40F447E9-9530-44A6-8117-AF31966F57FD}"
EndProject
Project("{9A19103F-16F7-4668-BE54-9A1E7A4F7556}") = "SantasToolBoxTests", "SantasToolBoxTests\SantasToolBoxTests.csproj", "{CDFCB876-0628-4432-B933-A61A950AA519}"
EndProject
Project("{9A19103F-16F7-4668-BE54-9A1E7A4F7556}") = "3_Wires", "3_Wires\3_Wires.csproj", "{F718AFC0-B953-4E43-85B0-B66CF9642A69}"
EndProject
Project("{FAE04EC0-301F-11D3-BF4B-00C04F79EFBC}") = "4_Password", "4_Password\4_Password.csproj", "{E85BE474-BFCB-4A39-ABCA-A6D8A2E0DDA8}"
EndProject
Project("{FAE04EC0-301F-11D3-BF4B-00C04F79EFBC}") = "5_Diagnostics", "5_Diagnostics\5_Diagnostics.csproj", "{6F83EDD5-8038-4CB5-AEE1-FA3E2D67C4EE}"
EndProject
Global
	GlobalSection(SolutionConfigurationPlatforms) = preSolution
		Debug|Any CPU = Debug|Any CPU
		Release|Any CPU = Release|Any CPU
	EndGlobalSection
	GlobalSection(ProjectConfigurationPlatforms) = postSolution
		{585098CC-2533-4586-B7C9-5E3A1A4A6C4F}.Debug|Any CPU.ActiveCfg = Debug|Any CPU
		{585098CC-2533-4586-B7C9-5E3A1A4A6C4F}.Debug|Any CPU.Build.0 = Debug|Any CPU
		{585098CC-2533-4586-B7C9-5E3A1A4A6C4F}.Release|Any CPU.ActiveCfg = Release|Any CPU
		{585098CC-2533-4586-B7C9-5E3A1A4A6C4F}.Release|Any CPU.Build.0 = Release|Any CPU
		{77D567A4-B468-4252-B07C-E648F040CEA2}.Debug|Any CPU.ActiveCfg = Debug|Any CPU
		{77D567A4-B468-4252-B07C-E648F040CEA2}.Debug|Any CPU.Build.0 = Debug|Any CPU
		{77D567A4-B468-4252-B07C-E648F040CEA2}.Release|Any CPU.ActiveCfg = Release|Any CPU
		{77D567A4-B468-4252-B07C-E648F040CEA2}.Release|Any CPU.Build.0 = Release|Any CPU
		{0ED94A21-7200-4600-AFBB-3BA4CBD33E7B}.Debug|Any CPU.ActiveCfg = Debug|Any CPU
		{0ED94A21-7200-4600-AFBB-3BA4CBD33E7B}.Debug|Any CPU.Build.0 = Debug|Any CPU
		{0ED94A21-7200-4600-AFBB-3BA4CBD33E7B}.Release|Any CPU.ActiveCfg = Release|Any CPU
		{0ED94A21-7200-4600-AFBB-3BA4CBD33E7B}.Release|Any CPU.Build.0 = Release|Any CPU
		{40F447E9-9530-44A6-8117-AF31966F57FD}.Debug|Any CPU.ActiveCfg = Debug|Any CPU
		{40F447E9-9530-44A6-8117-AF31966F57FD}.Debug|Any CPU.Build.0 = Debug|Any CPU
		{40F447E9-9530-44A6-8117-AF31966F57FD}.Release|Any CPU.ActiveCfg = Release|Any CPU
		{40F447E9-9530-44A6-8117-AF31966F57FD}.Release|Any CPU.Build.0 = Release|Any CPU
		{CDFCB876-0628-4432-B933-A61A950AA519}.Debug|Any CPU.ActiveCfg = Debug|Any CPU
		{CDFCB876-0628-4432-B933-A61A950AA519}.Debug|Any CPU.Build.0 = Debug|Any CPU
		{CDFCB876-0628-4432-B933-A61A950AA519}.Release|Any CPU.ActiveCfg = Release|Any CPU
		{CDFCB876-0628-4432-B933-A61A950AA519}.Release|Any CPU.Build.0 = Release|Any CPU
		{F718AFC0-B953-4E43-85B0-B66CF9642A69}.Debug|Any CPU.ActiveCfg = Debug|Any CPU
		{F718AFC0-B953-4E43-85B0-B66CF9642A69}.Debug|Any CPU.Build.0 = Debug|Any CPU
		{F718AFC0-B953-4E43-85B0-B66CF9642A69}.Release|Any CPU.ActiveCfg = Release|Any CPU
		{F718AFC0-B953-4E43-85B0-B66CF9642A69}.Release|Any CPU.Build.0 = Release|Any CPU
		{E85BE474-BFCB-4A39-ABCA-A6D8A2E0DDA8}.Debug|Any CPU.ActiveCfg = Debug|Any CPU
		{E85BE474-BFCB-4A39-ABCA-A6D8A2E0DDA8}.Debug|Any CPU.Build.0 = Debug|Any CPU
		{E85BE474-BFCB-4A39-ABCA-A6D8A2E0DDA8}.Release|Any CPU.ActiveCfg = Release|Any CPU
		{E85BE474-BFCB-4A39-ABCA-A6D8A2E0DDA8}.Release|Any CPU.Build.0 = Release|Any CPU
		{6F83EDD5-8038-4CB5-AEE1-FA3E2D67C4EE}.Debug|Any CPU.ActiveCfg = Debug|Any CPU
		{6F83EDD5-8038-4CB5-AEE1-FA3E2D67C4EE}.Debug|Any CPU.Build.0 = Debug|Any CPU
		{6F83EDD5-8038-4CB5-AEE1-FA3E2D67C4EE}.Release|Any CPU.ActiveCfg = Release|Any CPU
		{6F83EDD5-8038-4CB5-AEE1-FA3E2D67C4EE}.Release|Any CPU.Build.0 = Release|Any CPU
	EndGlobalSection
	GlobalSection(SolutionProperties) = preSolution
		HideSolutionNode = FALSE
	EndGlobalSection
	GlobalSection(ExtensibilityGlobals) = postSolution
		SolutionGuid = {FFCEF548-264E-4446-9E2E-D8CBC28A6885}
	EndGlobalSection
EndGlobal
