
Microsoft Visual Studio Solution File, Format Version 12.00
# Visual Studio Version 16
VisualStudioVersion = 16.0.29519.87
MinimumVisualStudioVersion = 10.0.40219.1
Project("{9A19103F-16F7-4668-BE54-9A1E7A4F7556}") = "Day0_CSharp8Explore", "Day0_CSharp8Explore\Day0_CSharp8Explore.csproj", "{585098CC-2533-4586-B7C9-5E3A1A4A6C4F}"
EndProject
Project("{9A19103F-16F7-4668-BE54-9A1E7A4F7556}") = "SantasToolbox", "SantasToolbox\SantasToolbox.csproj", "{77D567A4-B468-4252-B07C-E648F040CEA2}"
EndProject
Project("{9A19103F-16F7-4668-BE54-9A1E7A4F7556}") = "1_Fuel", "1_Fuel\1_Fuel.csproj", "{0ED94A21-7200-4600-AFBB-3BA4CBD33E7B}"
EndProject
Project("{9A19103F-16F7-4668-BE54-9A1E7A4F7556}") = "2_Intcode", "2_Intcode\2_Intcode.csproj", "{40F447E9-9530-44A6-8117-AF31966F57FD}"
EndProject
Project("{9A19103F-16F7-4668-BE54-9A1E7A4F7556}") = "SantasToolBoxTests", "SantasToolBoxTests\SantasToolBoxTests.csproj", "{CDFCB876-0628-4432-B933-A61A950AA519}"
EndProject
Project("{9A19103F-16F7-4668-BE54-9A1E7A4F7556}") = "3_Wires", "3_Wires\3_Wires.csproj", "{F718AFC0-B953-4E43-85B0-B66CF9642A69}"
EndProject
Project("{9A19103F-16F7-4668-BE54-9A1E7A4F7556}") = "4_Password", "4_Password\4_Password.csproj", "{E85BE474-BFCB-4A39-ABCA-A6D8A2E0DDA8}"
EndProject
Project("{9A19103F-16F7-4668-BE54-9A1E7A4F7556}") = "5_Diagnostics", "5_Diagnostics\5_Diagnostics.csproj", "{6F83EDD5-8038-4CB5-AEE1-FA3E2D67C4EE}"
EndProject
Project("{9A19103F-16F7-4668-BE54-9A1E7A4F7556}") = "6_Orbits", "6_Orbits\6_Orbits.csproj", "{55F30979-E147-4E8C-B1F7-31CBE543B946}"
EndProject
Project("{9A19103F-16F7-4668-BE54-9A1E7A4F7556}") = "7_Amplify", "7_Amplify\7_Amplify.csproj", "{99A9740D-E757-4F76-9FFB-1DB4327E965E}"
EndProject
Project("{9A19103F-16F7-4668-BE54-9A1E7A4F7556}") = "8_Image", "8_Image\8_Image.csproj", "{475F0C44-F43F-4C41-9397-6B1F92F26D10}"
EndProject
Project("{9A19103F-16F7-4668-BE54-9A1E7A4F7556}") = "9_Boost", "9_Boost\9_Boost.csproj", "{B89DA122-1CA5-4C58-9033-81CB2DC6931D}"
EndProject
Project("{9A19103F-16F7-4668-BE54-9A1E7A4F7556}") = "10_Asteroids", "10_Asteroids\10_Asteroids.csproj", "{8A50D2D7-0EA5-412A-B47C-265FA0101146}"
EndProject
Project("{9A19103F-16F7-4668-BE54-9A1E7A4F7556}") = "11_Robot", "11_Robot\11_Robot.csproj", "{1D0F9AAD-1351-4218-B870-F9EC9C9A7B3C}"
EndProject
Project("{9A19103F-16F7-4668-BE54-9A1E7A4F7556}") = "12_Moons", "12_Moons\12_Moons.csproj", "{9C00EB8C-45ED-4212-9CD6-F6B01DE750C9}"
EndProject
Project("{9A19103F-16F7-4668-BE54-9A1E7A4F7556}") = "13_Bricks", "13_Bricks\13_Bricks.csproj", "{31177F19-0312-407C-B960-93E48AACA274}"
EndProject
Project("{9A19103F-16F7-4668-BE54-9A1E7A4F7556}") = "14_Fuel", "14_Fuel\14_Fuel.csproj", "{22EDFB92-9874-4E92-AD05-E24D4F74E72D}"
EndProject
Project("{9A19103F-16F7-4668-BE54-9A1E7A4F7556}") = "15_SpaceExplorer", "15_SpaceExplorer\15_SpaceExplorer.csproj", "{7EA4E380-DA83-44B4-B33D-9297A4A3A118}"
EndProject
Project("{9A19103F-16F7-4668-BE54-9A1E7A4F7556}") = "16_Code", "16_Code\16_Code.csproj", "{E95B0B23-D394-4850-A9F5-C3CAC3FF3E2A}"
EndProject
Project("{9A19103F-16F7-4668-BE54-9A1E7A4F7556}") = "17_PathFinder", "17_PathFinder\17_PathFinder.csproj", "{1A707305-20EA-4856-A76B-F6715241F1C0}"
EndProject
Project("{9A19103F-16F7-4668-BE54-9A1E7A4F7556}") = "18_Keys", "18_Keys\18_Keys.csproj", "{2C65D2BE-B1B6-47D5-B643-D58518147402}"
EndProject
Project("{9A19103F-16F7-4668-BE54-9A1E7A4F7556}") = "19_Beam", "19_Beam\19_Beam.csproj", "{4C067B52-35BA-4E9B-8CE0-2313E764C8D3}"
EndProject
Project("{9A19103F-16F7-4668-BE54-9A1E7A4F7556}") = "20_Maze", "20_Maze\20_Maze.csproj", "{24C4A6F8-5FB6-4F56-9012-28B65882F4AD}"
EndProject
Project("{9A19103F-16F7-4668-BE54-9A1E7A4F7556}") = "22_Shuffle", "22_Shuffle\22_Shuffle.csproj", "{BBD620E7-8C8A-42C9-93A9-61551151D1CE}"
EndProject
Project("{9A19103F-16F7-4668-BE54-9A1E7A4F7556}") = "21_Springdroid", "21_Springdroid\21_Springdroid.csproj", "{086919D9-3F42-4870-A6F5-803BCD682D77}"
EndProject
Project("{FAE04EC0-301F-11D3-BF4B-00C04F79EFBC}") = "23_Network", "23_Network\23_Network.csproj", "{ECDC29FB-6673-4894-9523-A6F804BFA3F1}"
EndProject
Global
	GlobalSection(SolutionConfigurationPlatforms) = preSolution
		Debug|Any CPU = Debug|Any CPU
		Release|Any CPU = Release|Any CPU
	EndGlobalSection
	GlobalSection(ProjectConfigurationPlatforms) = postSolution
		{585098CC-2533-4586-B7C9-5E3A1A4A6C4F}.Debug|Any CPU.ActiveCfg = Debug|Any CPU
		{585098CC-2533-4586-B7C9-5E3A1A4A6C4F}.Debug|Any CPU.Build.0 = Debug|Any CPU
		{585098CC-2533-4586-B7C9-5E3A1A4A6C4F}.Release|Any CPU.ActiveCfg = Release|Any CPU
		{585098CC-2533-4586-B7C9-5E3A1A4A6C4F}.Release|Any CPU.Build.0 = Release|Any CPU
		{77D567A4-B468-4252-B07C-E648F040CEA2}.Debug|Any CPU.ActiveCfg = Debug|Any CPU
		{77D567A4-B468-4252-B07C-E648F040CEA2}.Debug|Any CPU.Build.0 = Debug|Any CPU
		{77D567A4-B468-4252-B07C-E648F040CEA2}.Release|Any CPU.ActiveCfg = Release|Any CPU
		{77D567A4-B468-4252-B07C-E648F040CEA2}.Release|Any CPU.Build.0 = Release|Any CPU
		{0ED94A21-7200-4600-AFBB-3BA4CBD33E7B}.Debug|Any CPU.ActiveCfg = Debug|Any CPU
		{0ED94A21-7200-4600-AFBB-3BA4CBD33E7B}.Debug|Any CPU.Build.0 = Debug|Any CPU
		{0ED94A21-7200-4600-AFBB-3BA4CBD33E7B}.Release|Any CPU.ActiveCfg = Release|Any CPU
		{0ED94A21-7200-4600-AFBB-3BA4CBD33E7B}.Release|Any CPU.Build.0 = Release|Any CPU
		{40F447E9-9530-44A6-8117-AF31966F57FD}.Debug|Any CPU.ActiveCfg = Debug|Any CPU
		{40F447E9-9530-44A6-8117-AF31966F57FD}.Debug|Any CPU.Build.0 = Debug|Any CPU
		{40F447E9-9530-44A6-8117-AF31966F57FD}.Release|Any CPU.ActiveCfg = Release|Any CPU
		{40F447E9-9530-44A6-8117-AF31966F57FD}.Release|Any CPU.Build.0 = Release|Any CPU
		{CDFCB876-0628-4432-B933-A61A950AA519}.Debug|Any CPU.ActiveCfg = Debug|Any CPU
		{CDFCB876-0628-4432-B933-A61A950AA519}.Debug|Any CPU.Build.0 = Debug|Any CPU
		{CDFCB876-0628-4432-B933-A61A950AA519}.Release|Any CPU.ActiveCfg = Release|Any CPU
		{CDFCB876-0628-4432-B933-A61A950AA519}.Release|Any CPU.Build.0 = Release|Any CPU
		{F718AFC0-B953-4E43-85B0-B66CF9642A69}.Debug|Any CPU.ActiveCfg = Debug|Any CPU
		{F718AFC0-B953-4E43-85B0-B66CF9642A69}.Debug|Any CPU.Build.0 = Debug|Any CPU
		{F718AFC0-B953-4E43-85B0-B66CF9642A69}.Release|Any CPU.ActiveCfg = Release|Any CPU
		{F718AFC0-B953-4E43-85B0-B66CF9642A69}.Release|Any CPU.Build.0 = Release|Any CPU
		{E85BE474-BFCB-4A39-ABCA-A6D8A2E0DDA8}.Debug|Any CPU.ActiveCfg = Debug|Any CPU
		{E85BE474-BFCB-4A39-ABCA-A6D8A2E0DDA8}.Debug|Any CPU.Build.0 = Debug|Any CPU
		{E85BE474-BFCB-4A39-ABCA-A6D8A2E0DDA8}.Release|Any CPU.ActiveCfg = Release|Any CPU
		{E85BE474-BFCB-4A39-ABCA-A6D8A2E0DDA8}.Release|Any CPU.Build.0 = Release|Any CPU
		{6F83EDD5-8038-4CB5-AEE1-FA3E2D67C4EE}.Debug|Any CPU.ActiveCfg = Debug|Any CPU
		{6F83EDD5-8038-4CB5-AEE1-FA3E2D67C4EE}.Debug|Any CPU.Build.0 = Debug|Any CPU
		{6F83EDD5-8038-4CB5-AEE1-FA3E2D67C4EE}.Release|Any CPU.ActiveCfg = Release|Any CPU
		{6F83EDD5-8038-4CB5-AEE1-FA3E2D67C4EE}.Release|Any CPU.Build.0 = Release|Any CPU
		{55F30979-E147-4E8C-B1F7-31CBE543B946}.Debug|Any CPU.ActiveCfg = Debug|Any CPU
		{55F30979-E147-4E8C-B1F7-31CBE543B946}.Debug|Any CPU.Build.0 = Debug|Any CPU
		{55F30979-E147-4E8C-B1F7-31CBE543B946}.Release|Any CPU.ActiveCfg = Release|Any CPU
		{55F30979-E147-4E8C-B1F7-31CBE543B946}.Release|Any CPU.Build.0 = Release|Any CPU
		{99A9740D-E757-4F76-9FFB-1DB4327E965E}.Debug|Any CPU.ActiveCfg = Debug|Any CPU
		{99A9740D-E757-4F76-9FFB-1DB4327E965E}.Debug|Any CPU.Build.0 = Debug|Any CPU
		{99A9740D-E757-4F76-9FFB-1DB4327E965E}.Release|Any CPU.ActiveCfg = Release|Any CPU
		{99A9740D-E757-4F76-9FFB-1DB4327E965E}.Release|Any CPU.Build.0 = Release|Any CPU
		{475F0C44-F43F-4C41-9397-6B1F92F26D10}.Debug|Any CPU.ActiveCfg = Debug|Any CPU
		{475F0C44-F43F-4C41-9397-6B1F92F26D10}.Debug|Any CPU.Build.0 = Debug|Any CPU
		{475F0C44-F43F-4C41-9397-6B1F92F26D10}.Release|Any CPU.ActiveCfg = Release|Any CPU
		{475F0C44-F43F-4C41-9397-6B1F92F26D10}.Release|Any CPU.Build.0 = Release|Any CPU
		{B89DA122-1CA5-4C58-9033-81CB2DC6931D}.Debug|Any CPU.ActiveCfg = Debug|Any CPU
		{B89DA122-1CA5-4C58-9033-81CB2DC6931D}.Debug|Any CPU.Build.0 = Debug|Any CPU
		{B89DA122-1CA5-4C58-9033-81CB2DC6931D}.Release|Any CPU.ActiveCfg = Release|Any CPU
		{B89DA122-1CA5-4C58-9033-81CB2DC6931D}.Release|Any CPU.Build.0 = Release|Any CPU
		{8A50D2D7-0EA5-412A-B47C-265FA0101146}.Debug|Any CPU.ActiveCfg = Debug|Any CPU
		{8A50D2D7-0EA5-412A-B47C-265FA0101146}.Debug|Any CPU.Build.0 = Debug|Any CPU
		{8A50D2D7-0EA5-412A-B47C-265FA0101146}.Release|Any CPU.ActiveCfg = Release|Any CPU
		{8A50D2D7-0EA5-412A-B47C-265FA0101146}.Release|Any CPU.Build.0 = Release|Any CPU
		{1D0F9AAD-1351-4218-B870-F9EC9C9A7B3C}.Debug|Any CPU.ActiveCfg = Debug|Any CPU
		{1D0F9AAD-1351-4218-B870-F9EC9C9A7B3C}.Debug|Any CPU.Build.0 = Debug|Any CPU
		{1D0F9AAD-1351-4218-B870-F9EC9C9A7B3C}.Release|Any CPU.ActiveCfg = Release|Any CPU
		{1D0F9AAD-1351-4218-B870-F9EC9C9A7B3C}.Release|Any CPU.Build.0 = Release|Any CPU
		{9C00EB8C-45ED-4212-9CD6-F6B01DE750C9}.Debug|Any CPU.ActiveCfg = Debug|Any CPU
		{9C00EB8C-45ED-4212-9CD6-F6B01DE750C9}.Debug|Any CPU.Build.0 = Debug|Any CPU
		{9C00EB8C-45ED-4212-9CD6-F6B01DE750C9}.Release|Any CPU.ActiveCfg = Release|Any CPU
		{9C00EB8C-45ED-4212-9CD6-F6B01DE750C9}.Release|Any CPU.Build.0 = Release|Any CPU
		{31177F19-0312-407C-B960-93E48AACA274}.Debug|Any CPU.ActiveCfg = Debug|Any CPU
		{31177F19-0312-407C-B960-93E48AACA274}.Debug|Any CPU.Build.0 = Debug|Any CPU
		{31177F19-0312-407C-B960-93E48AACA274}.Release|Any CPU.ActiveCfg = Release|Any CPU
		{31177F19-0312-407C-B960-93E48AACA274}.Release|Any CPU.Build.0 = Release|Any CPU
		{22EDFB92-9874-4E92-AD05-E24D4F74E72D}.Debug|Any CPU.ActiveCfg = Debug|Any CPU
		{22EDFB92-9874-4E92-AD05-E24D4F74E72D}.Debug|Any CPU.Build.0 = Debug|Any CPU
		{22EDFB92-9874-4E92-AD05-E24D4F74E72D}.Release|Any CPU.ActiveCfg = Release|Any CPU
		{22EDFB92-9874-4E92-AD05-E24D4F74E72D}.Release|Any CPU.Build.0 = Release|Any CPU
		{7EA4E380-DA83-44B4-B33D-9297A4A3A118}.Debug|Any CPU.ActiveCfg = Debug|Any CPU
		{7EA4E380-DA83-44B4-B33D-9297A4A3A118}.Debug|Any CPU.Build.0 = Debug|Any CPU
		{7EA4E380-DA83-44B4-B33D-9297A4A3A118}.Release|Any CPU.ActiveCfg = Release|Any CPU
		{7EA4E380-DA83-44B4-B33D-9297A4A3A118}.Release|Any CPU.Build.0 = Release|Any CPU
		{E95B0B23-D394-4850-A9F5-C3CAC3FF3E2A}.Debug|Any CPU.ActiveCfg = Debug|Any CPU
		{E95B0B23-D394-4850-A9F5-C3CAC3FF3E2A}.Debug|Any CPU.Build.0 = Debug|Any CPU
		{E95B0B23-D394-4850-A9F5-C3CAC3FF3E2A}.Release|Any CPU.ActiveCfg = Release|Any CPU
		{E95B0B23-D394-4850-A9F5-C3CAC3FF3E2A}.Release|Any CPU.Build.0 = Release|Any CPU
		{1A707305-20EA-4856-A76B-F6715241F1C0}.Debug|Any CPU.ActiveCfg = Debug|Any CPU
		{1A707305-20EA-4856-A76B-F6715241F1C0}.Debug|Any CPU.Build.0 = Debug|Any CPU
		{1A707305-20EA-4856-A76B-F6715241F1C0}.Release|Any CPU.ActiveCfg = Release|Any CPU
		{1A707305-20EA-4856-A76B-F6715241F1C0}.Release|Any CPU.Build.0 = Release|Any CPU
		{2C65D2BE-B1B6-47D5-B643-D58518147402}.Debug|Any CPU.ActiveCfg = Debug|Any CPU
		{2C65D2BE-B1B6-47D5-B643-D58518147402}.Debug|Any CPU.Build.0 = Debug|Any CPU
		{2C65D2BE-B1B6-47D5-B643-D58518147402}.Release|Any CPU.ActiveCfg = Release|Any CPU
		{2C65D2BE-B1B6-47D5-B643-D58518147402}.Release|Any CPU.Build.0 = Release|Any CPU
		{4C067B52-35BA-4E9B-8CE0-2313E764C8D3}.Debug|Any CPU.ActiveCfg = Debug|Any CPU
		{4C067B52-35BA-4E9B-8CE0-2313E764C8D3}.Debug|Any CPU.Build.0 = Debug|Any CPU
		{4C067B52-35BA-4E9B-8CE0-2313E764C8D3}.Release|Any CPU.ActiveCfg = Release|Any CPU
		{4C067B52-35BA-4E9B-8CE0-2313E764C8D3}.Release|Any CPU.Build.0 = Release|Any CPU
		{24C4A6F8-5FB6-4F56-9012-28B65882F4AD}.Debug|Any CPU.ActiveCfg = Debug|Any CPU
		{24C4A6F8-5FB6-4F56-9012-28B65882F4AD}.Debug|Any CPU.Build.0 = Debug|Any CPU
		{24C4A6F8-5FB6-4F56-9012-28B65882F4AD}.Release|Any CPU.ActiveCfg = Release|Any CPU
		{24C4A6F8-5FB6-4F56-9012-28B65882F4AD}.Release|Any CPU.Build.0 = Release|Any CPU
		{BBD620E7-8C8A-42C9-93A9-61551151D1CE}.Debug|Any CPU.ActiveCfg = Debug|Any CPU
		{BBD620E7-8C8A-42C9-93A9-61551151D1CE}.Debug|Any CPU.Build.0 = Debug|Any CPU
		{BBD620E7-8C8A-42C9-93A9-61551151D1CE}.Release|Any CPU.ActiveCfg = Release|Any CPU
		{BBD620E7-8C8A-42C9-93A9-61551151D1CE}.Release|Any CPU.Build.0 = Release|Any CPU
		{086919D9-3F42-4870-A6F5-803BCD682D77}.Debug|Any CPU.ActiveCfg = Debug|Any CPU
		{086919D9-3F42-4870-A6F5-803BCD682D77}.Debug|Any CPU.Build.0 = Debug|Any CPU
		{086919D9-3F42-4870-A6F5-803BCD682D77}.Release|Any CPU.ActiveCfg = Release|Any CPU
		{086919D9-3F42-4870-A6F5-803BCD682D77}.Release|Any CPU.Build.0 = Release|Any CPU
		{ECDC29FB-6673-4894-9523-A6F804BFA3F1}.Debug|Any CPU.ActiveCfg = Debug|Any CPU
		{ECDC29FB-6673-4894-9523-A6F804BFA3F1}.Debug|Any CPU.Build.0 = Debug|Any CPU
		{ECDC29FB-6673-4894-9523-A6F804BFA3F1}.Release|Any CPU.ActiveCfg = Release|Any CPU
		{ECDC29FB-6673-4894-9523-A6F804BFA3F1}.Release|Any CPU.Build.0 = Release|Any CPU
	EndGlobalSection
	GlobalSection(SolutionProperties) = preSolution
		HideSolutionNode = FALSE
	EndGlobalSection
	GlobalSection(ExtensibilityGlobals) = postSolution
		SolutionGuid = {FFCEF548-264E-4446-9E2E-D8CBC28A6885}
	EndGlobalSection
EndGlobal
